// !$*UTF8*$!
{
	archiveVersion = 1;
	classes = {
	};
	objectVersion = 56;
	objects = {

/* Begin PBXBuildFile section */
		037C35DF2A121B8600FAC78B /* NetworkResult.swift in Sources */ = {isa = PBXBuildFile; fileRef = 037C35DE2A121B8600FAC78B /* NetworkResult.swift */; };
		037C35E12A121E2400FAC78B /* NSObject+.swift in Sources */ = {isa = PBXBuildFile; fileRef = 037C35E02A121E2400FAC78B /* NSObject+.swift */; };
		037C35E32A121E6200FAC78B /* UIView+.swift in Sources */ = {isa = PBXBuildFile; fileRef = 037C35E22A121E6200FAC78B /* UIView+.swift */; };
		037C35E52A121E7C00FAC78B /* UITextField+.swift in Sources */ = {isa = PBXBuildFile; fileRef = 037C35E42A121E7C00FAC78B /* UITextField+.swift */; };
		037C35E72A121E9800FAC78B /* UIStackView+.swift in Sources */ = {isa = PBXBuildFile; fileRef = 037C35E62A121E9800FAC78B /* UIStackView+.swift */; };
		037C35E92A121EAD00FAC78B /* UITableView+.swift in Sources */ = {isa = PBXBuildFile; fileRef = 037C35E82A121EAD00FAC78B /* UITableView+.swift */; };
		037C35EB2A121EBD00FAC78B /* UICollectionView+.swift in Sources */ = {isa = PBXBuildFile; fileRef = 037C35EA2A121EBD00FAC78B /* UICollectionView+.swift */; };
		037C35ED2A121F3300FAC78B /* String+.swift in Sources */ = {isa = PBXBuildFile; fileRef = 037C35EC2A121F3300FAC78B /* String+.swift */; };
		037C35EF2A121F5B00FAC78B /* UIImageView+.swift in Sources */ = {isa = PBXBuildFile; fileRef = 037C35EE2A121F5B00FAC78B /* UIImageView+.swift */; };
		037C35F22A12242500FAC78B /* Color.xcassets in Resources */ = {isa = PBXBuildFile; fileRef = 037C35F12A12242500FAC78B /* Color.xcassets */; };
		037C35F52A1226C100FAC78B /* Color.swift in Sources */ = {isa = PBXBuildFile; fileRef = 037C35F42A1226C100FAC78B /* Color.swift */; };
		037C35FC2A122A3600FAC78B /* BaseView.swift in Sources */ = {isa = PBXBuildFile; fileRef = 037C35FB2A122A3600FAC78B /* BaseView.swift */; };
		037C35FE2A122BCB00FAC78B /* BaseViewController.swift in Sources */ = {isa = PBXBuildFile; fileRef = 037C35FD2A122BCB00FAC78B /* BaseViewController.swift */; };
		037C36022A122C6700FAC78B /* HomeViewController.swift in Sources */ = {isa = PBXBuildFile; fileRef = 037C36012A122C6700FAC78B /* HomeViewController.swift */; };
		037C36082A122D2500FAC78B /* JobDetailViewController.swift in Sources */ = {isa = PBXBuildFile; fileRef = 037C36072A122D2500FAC78B /* JobDetailViewController.swift */; };
		037C360D2A122D5800FAC78B /* ReviewViewController.swift in Sources */ = {isa = PBXBuildFile; fileRef = 037C360C2A122D5800FAC78B /* ReviewViewController.swift */; };
		037C36132A122DA100FAC78B /* ApplyViewController.swift in Sources */ = {isa = PBXBuildFile; fileRef = 037C36122A122DA100FAC78B /* ApplyViewController.swift */; };
		037C36162A122EB700FAC78B /* Image.swift in Sources */ = {isa = PBXBuildFile; fileRef = 037C36152A122EB700FAC78B /* Image.swift */; };
		586BF3002A113B08002AD443 /* UIImage+.swift in Sources */ = {isa = PBXBuildFile; fileRef = 586BF2FF2A113B08002AD443 /* UIImage+.swift */; };
		586BF3022A114204002AD443 /* UIFont+.swift in Sources */ = {isa = PBXBuildFile; fileRef = 586BF3012A114204002AD443 /* UIFont+.swift */; };
		58D304E12A11F174005E04CB /* .swiftlint.yml in Resources */ = {isa = PBXBuildFile; fileRef = 58D304E02A11F174005E04CB /* .swiftlint.yml */; };
		D3D03F762A10D9B9005AEE77 /* AppDelegate.swift in Sources */ = {isa = PBXBuildFile; fileRef = D3D03F752A10D9B9005AEE77 /* AppDelegate.swift */; };
		D3D03F782A10D9B9005AEE77 /* SceneDelegate.swift in Sources */ = {isa = PBXBuildFile; fileRef = D3D03F772A10D9B9005AEE77 /* SceneDelegate.swift */; };
		D3D03F7F2A10D9BA005AEE77 /* Image.xcassets in Resources */ = {isa = PBXBuildFile; fileRef = D3D03F7E2A10D9BA005AEE77 /* Image.xcassets */; };
		D3D03F822A10D9BA005AEE77 /* LaunchScreen.storyboard in Resources */ = {isa = PBXBuildFile; fileRef = D3D03F802A10D9BA005AEE77 /* LaunchScreen.storyboard */; };
		D3D03F8B2A10D9E3005AEE77 /* SnapKit in Frameworks */ = {isa = PBXBuildFile; productRef = D3D03F8A2A10D9E3005AEE77 /* SnapKit */; };
		D3D03F8E2A10D9EF005AEE77 /* Then in Frameworks */ = {isa = PBXBuildFile; productRef = D3D03F8D2A10D9EF005AEE77 /* Then */; };
		D3D03F912A10D9F9005AEE77 /* Alamofire in Frameworks */ = {isa = PBXBuildFile; productRef = D3D03F902A10D9F9005AEE77 /* Alamofire */; };
		D3D03F942A10DB6B005AEE77 /* Kingfisher in Frameworks */ = {isa = PBXBuildFile; productRef = D3D03F932A10DB6B005AEE77 /* Kingfisher */; };
/* End PBXBuildFile section */

/* Begin PBXFileReference section */
		037C35DE2A121B8600FAC78B /* NetworkResult.swift */ = {isa = PBXFileReference; lastKnownFileType = sourcecode.swift; path = NetworkResult.swift; sourceTree = "<group>"; };
		037C35E02A121E2400FAC78B /* NSObject+.swift */ = {isa = PBXFileReference; lastKnownFileType = sourcecode.swift; path = "NSObject+.swift"; sourceTree = "<group>"; };
		037C35E22A121E6200FAC78B /* UIView+.swift */ = {isa = PBXFileReference; lastKnownFileType = sourcecode.swift; path = "UIView+.swift"; sourceTree = "<group>"; };
		037C35E42A121E7C00FAC78B /* UITextField+.swift */ = {isa = PBXFileReference; lastKnownFileType = sourcecode.swift; path = "UITextField+.swift"; sourceTree = "<group>"; };
		037C35E62A121E9800FAC78B /* UIStackView+.swift */ = {isa = PBXFileReference; lastKnownFileType = sourcecode.swift; path = "UIStackView+.swift"; sourceTree = "<group>"; };
		037C35E82A121EAD00FAC78B /* UITableView+.swift */ = {isa = PBXFileReference; lastKnownFileType = sourcecode.swift; path = "UITableView+.swift"; sourceTree = "<group>"; };
		037C35EA2A121EBD00FAC78B /* UICollectionView+.swift */ = {isa = PBXFileReference; lastKnownFileType = sourcecode.swift; path = "UICollectionView+.swift"; sourceTree = "<group>"; };
		037C35EC2A121F3300FAC78B /* String+.swift */ = {isa = PBXFileReference; lastKnownFileType = sourcecode.swift; path = "String+.swift"; sourceTree = "<group>"; };
		037C35EE2A121F5B00FAC78B /* UIImageView+.swift */ = {isa = PBXFileReference; lastKnownFileType = sourcecode.swift; path = "UIImageView+.swift"; sourceTree = "<group>"; };
		037C35F12A12242500FAC78B /* Color.xcassets */ = {isa = PBXFileReference; lastKnownFileType = folder.assetcatalog; path = Color.xcassets; sourceTree = "<group>"; };
		037C35F42A1226C100FAC78B /* Color.swift */ = {isa = PBXFileReference; lastKnownFileType = sourcecode.swift; path = Color.swift; sourceTree = "<group>"; };
		037C35FB2A122A3600FAC78B /* BaseView.swift */ = {isa = PBXFileReference; lastKnownFileType = sourcecode.swift; path = BaseView.swift; sourceTree = "<group>"; };
		037C35FD2A122BCB00FAC78B /* BaseViewController.swift */ = {isa = PBXFileReference; lastKnownFileType = sourcecode.swift; path = BaseViewController.swift; sourceTree = "<group>"; };
		037C36012A122C6700FAC78B /* HomeViewController.swift */ = {isa = PBXFileReference; lastKnownFileType = sourcecode.swift; path = HomeViewController.swift; sourceTree = "<group>"; };
		037C36072A122D2500FAC78B /* JobDetailViewController.swift */ = {isa = PBXFileReference; lastKnownFileType = sourcecode.swift; path = JobDetailViewController.swift; sourceTree = "<group>"; };
		037C360C2A122D5800FAC78B /* ReviewViewController.swift */ = {isa = PBXFileReference; lastKnownFileType = sourcecode.swift; path = ReviewViewController.swift; sourceTree = "<group>"; };
		037C36122A122DA100FAC78B /* ApplyViewController.swift */ = {isa = PBXFileReference; lastKnownFileType = sourcecode.swift; path = ApplyViewController.swift; sourceTree = "<group>"; };
		037C36152A122EB700FAC78B /* Image.swift */ = {isa = PBXFileReference; lastKnownFileType = sourcecode.swift; path = Image.swift; sourceTree = "<group>"; };
		586BF2FF2A113B08002AD443 /* UIImage+.swift */ = {isa = PBXFileReference; lastKnownFileType = sourcecode.swift; path = "UIImage+.swift"; sourceTree = "<group>"; };
		586BF3012A114204002AD443 /* UIFont+.swift */ = {isa = PBXFileReference; lastKnownFileType = sourcecode.swift; path = "UIFont+.swift"; sourceTree = "<group>"; };
		58D304E02A11F174005E04CB /* .swiftlint.yml */ = {isa = PBXFileReference; lastKnownFileType = text.yaml; path = .swiftlint.yml; sourceTree = "<group>"; };
		58D304E32A11FF0A005E04CB /* NotoSansKR-Medium.otf */ = {isa = PBXFileReference; lastKnownFileType = file; path = "NotoSansKR-Medium.otf"; sourceTree = "<group>"; };
		58D304E42A11FF0A005E04CB /* NotoSansKR-Bold.otf */ = {isa = PBXFileReference; lastKnownFileType = file; path = "NotoSansKR-Bold.otf"; sourceTree = "<group>"; };
		D3D03F722A10D9B9005AEE77 /* CDS_CarrotJob.app */ = {isa = PBXFileReference; explicitFileType = wrapper.application; includeInIndex = 0; path = CDS_CarrotJob.app; sourceTree = BUILT_PRODUCTS_DIR; };
		D3D03F752A10D9B9005AEE77 /* AppDelegate.swift */ = {isa = PBXFileReference; lastKnownFileType = sourcecode.swift; path = AppDelegate.swift; sourceTree = "<group>"; };
		D3D03F772A10D9B9005AEE77 /* SceneDelegate.swift */ = {isa = PBXFileReference; lastKnownFileType = sourcecode.swift; path = SceneDelegate.swift; sourceTree = "<group>"; };
		D3D03F7E2A10D9BA005AEE77 /* Image.xcassets */ = {isa = PBXFileReference; lastKnownFileType = folder.assetcatalog; path = Image.xcassets; sourceTree = "<group>"; };
		D3D03F812A10D9BA005AEE77 /* Base */ = {isa = PBXFileReference; lastKnownFileType = file.storyboard; name = Base; path = Base.lproj/LaunchScreen.storyboard; sourceTree = "<group>"; };
		D3D03F832A10D9BA005AEE77 /* Info.plist */ = {isa = PBXFileReference; lastKnownFileType = text.plist.xml; path = Info.plist; sourceTree = "<group>"; };
/* End PBXFileReference section */

/* Begin PBXFrameworksBuildPhase section */
		D3D03F6F2A10D9B9005AEE77 /* Frameworks */ = {
			isa = PBXFrameworksBuildPhase;
			buildActionMask = 2147483647;
			files = (
				D3D03F942A10DB6B005AEE77 /* Kingfisher in Frameworks */,
				D3D03F912A10D9F9005AEE77 /* Alamofire in Frameworks */,
				D3D03F8B2A10D9E3005AEE77 /* SnapKit in Frameworks */,
				D3D03F8E2A10D9EF005AEE77 /* Then in Frameworks */,
			);
			runOnlyForDeploymentPostprocessing = 0;
		};
/* End PBXFrameworksBuildPhase section */

/* Begin PBXGroup section */
		037C35DD2A121B7400FAC78B /* Network */ = {
			isa = PBXGroup;
			children = (
				037C35DE2A121B8600FAC78B /* NetworkResult.swift */,
			);
			path = Network;
			sourceTree = "<group>";
		};
		037C35F02A12240600FAC78B /* AssetCatalog */ = {
			isa = PBXGroup;
			children = (
				D3D03F7E2A10D9BA005AEE77 /* Image.xcassets */,
				037C35F12A12242500FAC78B /* Color.xcassets */,
			);
			path = AssetCatalog;
			sourceTree = "<group>";
		};
		037C35F32A12269600FAC78B /* NameSpace */ = {
			isa = PBXGroup;
			children = (
				037C35F42A1226C100FAC78B /* Color.swift */,
				037C36152A122EB700FAC78B /* Image.swift */,
			);
			path = NameSpace;
			sourceTree = "<group>";
		};
		037C35F62A12297E00FAC78B /* Presentation */ = {
			isa = PBXGroup;
			children = (
				037C35F72A12298600FAC78B /* Common */,
				037C35FF2A122C3000FAC78B /* Home */,
				037C36052A122D0900FAC78B /* JobDetail */,
				037C360A2A122D4700FAC78B /* Review */,
				037C36102A122D8C00FAC78B /* Apply */,
			);
			path = Presentation;
			sourceTree = "<group>";
		};
		037C35F72A12298600FAC78B /* Common */ = {
			isa = PBXGroup;
			children = (
				037C35FA2A122A2400FAC78B /* Base */,
			);
			path = Common;
			sourceTree = "<group>";
		};
		037C35FA2A122A2400FAC78B /* Base */ = {
			isa = PBXGroup;
			children = (
				037C35FB2A122A3600FAC78B /* BaseView.swift */,
				037C35FD2A122BCB00FAC78B /* BaseViewController.swift */,
			);
			path = Base;
			sourceTree = "<group>";
		};
		037C35FF2A122C3000FAC78B /* Home */ = {
			isa = PBXGroup;
			children = (
				037C36002A122C5700FAC78B /* ViewController */,
				037C36032A122CC000FAC78B /* View */,
			);
			path = Home;
			sourceTree = "<group>";
		};
		037C36002A122C5700FAC78B /* ViewController */ = {
			isa = PBXGroup;
			children = (
				037C36012A122C6700FAC78B /* HomeViewController.swift */,
			);
			path = ViewController;
			sourceTree = "<group>";
		};
		037C36032A122CC000FAC78B /* View */ = {
			isa = PBXGroup;
			children = (
			);
			path = View;
			sourceTree = "<group>";
		};
		037C36052A122D0900FAC78B /* JobDetail */ = {
			isa = PBXGroup;
			children = (
				037C36062A122D0F00FAC78B /* ViewController */,
				037C36092A122D3D00FAC78B /* View */,
			);
			path = JobDetail;
			sourceTree = "<group>";
		};
		037C36062A122D0F00FAC78B /* ViewController */ = {
			isa = PBXGroup;
			children = (
				037C36072A122D2500FAC78B /* JobDetailViewController.swift */,
			);
			path = ViewController;
			sourceTree = "<group>";
		};
		037C36092A122D3D00FAC78B /* View */ = {
			isa = PBXGroup;
			children = (
			);
			path = View;
			sourceTree = "<group>";
		};
		037C360A2A122D4700FAC78B /* Review */ = {
			isa = PBXGroup;
			children = (
				037C360B2A122D4E00FAC78B /* ViewController */,
				037C360F2A122D8400FAC78B /* View */,
			);
			path = Review;
			sourceTree = "<group>";
		};
		037C360B2A122D4E00FAC78B /* ViewController */ = {
			isa = PBXGroup;
			children = (
				037C360C2A122D5800FAC78B /* ReviewViewController.swift */,
			);
			path = ViewController;
			sourceTree = "<group>";
		};
		037C360F2A122D8400FAC78B /* View */ = {
			isa = PBXGroup;
			children = (
			);
			path = View;
			sourceTree = "<group>";
		};
		037C36102A122D8C00FAC78B /* Apply */ = {
			isa = PBXGroup;
			children = (
				037C36112A122D9200FAC78B /* ViewController */,
				037C36142A122DBA00FAC78B /* View */,
			);
			path = Apply;
			sourceTree = "<group>";
		};
		037C36112A122D9200FAC78B /* ViewController */ = {
			isa = PBXGroup;
			children = (
				037C36122A122DA100FAC78B /* ApplyViewController.swift */,
			);
			path = ViewController;
			sourceTree = "<group>";
		};
		037C36142A122DBA00FAC78B /* View */ = {
			isa = PBXGroup;
			children = (
			);
			path = View;
			sourceTree = "<group>";
		};
		58D304E22A11FEF9005E04CB /* Font */ = {
			isa = PBXGroup;
			children = (
				58D304E42A11FF0A005E04CB /* NotoSansKR-Bold.otf */,
				58D304E32A11FF0A005E04CB /* NotoSansKR-Medium.otf */,
			);
			path = Font;
			sourceTree = "<group>";
		};
		D3D03F692A10D9B9005AEE77 = {
			isa = PBXGroup;
			children = (
				D3D03F742A10D9B9005AEE77 /* CDS_CarrotJob */,
				58D304E02A11F174005E04CB /* .swiftlint.yml */,
				D3D03F732A10D9B9005AEE77 /* Products */,
			);
			sourceTree = "<group>";
		};
		D3D03F732A10D9B9005AEE77 /* Products */ = {
			isa = PBXGroup;
			children = (
				D3D03F722A10D9B9005AEE77 /* CDS_CarrotJob.app */,
			);
			name = Products;
			sourceTree = "<group>";
		};
		D3D03F742A10D9B9005AEE77 /* CDS_CarrotJob */ = {
			isa = PBXGroup;
			children = (
				D3D03F952A10DC88005AEE77 /* Application */,
				037C35DD2A121B7400FAC78B /* Network */,
				037C35F62A12297E00FAC78B /* Presentation */,
				D3D03F9B2A10DD01005AEE77 /* Resource */,
				D3D03F9C2A10DD0D005AEE77 /* Utils */,
				D3D03F802A10D9BA005AEE77 /* LaunchScreen.storyboard */,
			);
			path = CDS_CarrotJob;
			sourceTree = "<group>";
		};
		D3D03F952A10DC88005AEE77 /* Application */ = {
			isa = PBXGroup;
			children = (
				D3D03F752A10D9B9005AEE77 /* AppDelegate.swift */,
				D3D03F772A10D9B9005AEE77 /* SceneDelegate.swift */,
			);
			path = Application;
			sourceTree = "<group>";
		};
		D3D03F9B2A10DD01005AEE77 /* Resource */ = {
			isa = PBXGroup;
			children = (
				037C35F02A12240600FAC78B /* AssetCatalog */,
				58D304E22A11FEF9005E04CB /* Font */,
				D3D03F832A10D9BA005AEE77 /* Info.plist */,
			);
			path = Resource;
			sourceTree = "<group>";
		};
		D3D03F9C2A10DD0D005AEE77 /* Utils */ = {
			isa = PBXGroup;
			children = (
				037C35F32A12269600FAC78B /* NameSpace */,
				D3D03FA42A10DDD0005AEE77 /* Extension */,
			);
			path = Utils;
			sourceTree = "<group>";
		};
		D3D03FA42A10DDD0005AEE77 /* Extension */ = {
			isa = PBXGroup;
			children = (
				586BF2FF2A113B08002AD443 /* UIImage+.swift */,
				586BF3012A114204002AD443 /* UIFont+.swift */,
				037C35E02A121E2400FAC78B /* NSObject+.swift */,
				037C35E22A121E6200FAC78B /* UIView+.swift */,
				037C35E42A121E7C00FAC78B /* UITextField+.swift */,
				037C35E62A121E9800FAC78B /* UIStackView+.swift */,
				037C35E82A121EAD00FAC78B /* UITableView+.swift */,
				037C35EA2A121EBD00FAC78B /* UICollectionView+.swift */,
				037C35EC2A121F3300FAC78B /* String+.swift */,
				037C35EE2A121F5B00FAC78B /* UIImageView+.swift */,
			);
			path = Extension;
			sourceTree = "<group>";
		};
/* End PBXGroup section */

/* Begin PBXNativeTarget section */
		D3D03F712A10D9B9005AEE77 /* CDS_CarrotJob */ = {
			isa = PBXNativeTarget;
			buildConfigurationList = D3D03F862A10D9BA005AEE77 /* Build configuration list for PBXNativeTarget "CDS_CarrotJob" */;
			buildPhases = (
				58143BC12A11ED490088A558 /* ShellScript */,
				D3D03F6E2A10D9B9005AEE77 /* Sources */,
				D3D03F6F2A10D9B9005AEE77 /* Frameworks */,
				D3D03F702A10D9B9005AEE77 /* Resources */,
			);
			buildRules = (
			);
			dependencies = (
			);
			name = CDS_CarrotJob;
			packageProductDependencies = (
				D3D03F8A2A10D9E3005AEE77 /* SnapKit */,
				D3D03F8D2A10D9EF005AEE77 /* Then */,
				D3D03F902A10D9F9005AEE77 /* Alamofire */,
				D3D03F932A10DB6B005AEE77 /* Kingfisher */,
			);
			productName = CDS_CarrotJob;
			productReference = D3D03F722A10D9B9005AEE77 /* CDS_CarrotJob.app */;
			productType = "com.apple.product-type.application";
		};
/* End PBXNativeTarget section */

/* Begin PBXProject section */
		D3D03F6A2A10D9B9005AEE77 /* Project object */ = {
			isa = PBXProject;
			attributes = {
				BuildIndependentTargetsInParallel = 1;
				LastSwiftUpdateCheck = 1430;
				LastUpgradeCheck = 1430;
				TargetAttributes = {
					D3D03F712A10D9B9005AEE77 = {
						CreatedOnToolsVersion = 14.3;
					};
				};
			};
			buildConfigurationList = D3D03F6D2A10D9B9005AEE77 /* Build configuration list for PBXProject "CDS_CarrotJob" */;
			compatibilityVersion = "Xcode 14.0";
			developmentRegion = en;
			hasScannedForEncodings = 0;
			knownRegions = (
				en,
				Base,
			);
			mainGroup = D3D03F692A10D9B9005AEE77;
			packageReferences = (
				D3D03F892A10D9E3005AEE77 /* XCRemoteSwiftPackageReference "SnapKit" */,
				D3D03F8C2A10D9EF005AEE77 /* XCRemoteSwiftPackageReference "Then" */,
				D3D03F8F2A10D9F9005AEE77 /* XCRemoteSwiftPackageReference "Alamofire" */,
				D3D03F922A10DB6B005AEE77 /* XCRemoteSwiftPackageReference "Kingfisher" */,
			);
			productRefGroup = D3D03F732A10D9B9005AEE77 /* Products */;
			projectDirPath = "";
			projectRoot = "";
			targets = (
				D3D03F712A10D9B9005AEE77 /* CDS_CarrotJob */,
			);
		};
/* End PBXProject section */

/* Begin PBXResourcesBuildPhase section */
		D3D03F702A10D9B9005AEE77 /* Resources */ = {
			isa = PBXResourcesBuildPhase;
			buildActionMask = 2147483647;
			files = (
				58D304E12A11F174005E04CB /* .swiftlint.yml in Resources */,
				037C35F22A12242500FAC78B /* Color.xcassets in Resources */,
				D3D03F822A10D9BA005AEE77 /* LaunchScreen.storyboard in Resources */,
				D3D03F7F2A10D9BA005AEE77 /* Image.xcassets in Resources */,
			);
			runOnlyForDeploymentPostprocessing = 0;
		};
/* End PBXResourcesBuildPhase section */

/* Begin PBXShellScriptBuildPhase section */
		58143BC12A11ED490088A558 /* ShellScript */ = {
			isa = PBXShellScriptBuildPhase;
			buildActionMask = 12;
			files = (
			);
			inputFileListPaths = (
			);
			inputPaths = (
			);
			outputFileListPaths = (
			);
			outputPaths = (
			);
			runOnlyForDeploymentPostprocessing = 0;
			shellPath = /bin/sh;
			shellScript = "export PATH=\"$PATH:/opt/homebrew/bin\"\nif which swiftlint >/dev/null; then\n  swiftlint\nelse\n  echo \"warning: SwiftLint not installed, download from https://github.com/realm/SwiftLint\"\nfi\n";
		};
/* End PBXShellScriptBuildPhase section */

/* Begin PBXSourcesBuildPhase section */
		D3D03F6E2A10D9B9005AEE77 /* Sources */ = {
			isa = PBXSourcesBuildPhase;
			buildActionMask = 2147483647;
			files = (
				D3D03F762A10D9B9005AEE77 /* AppDelegate.swift in Sources */,
				D3D03F782A10D9B9005AEE77 /* SceneDelegate.swift in Sources */,
				037C360D2A122D5800FAC78B /* ReviewViewController.swift in Sources */,
				037C35E12A121E2400FAC78B /* NSObject+.swift in Sources */,
				037C35DF2A121B8600FAC78B /* NetworkResult.swift in Sources */,
				037C36022A122C6700FAC78B /* HomeViewController.swift in Sources */,
				037C35E52A121E7C00FAC78B /* UITextField+.swift in Sources */,
				037C36162A122EB700FAC78B /* Image.swift in Sources */,
				037C35ED2A121F3300FAC78B /* String+.swift in Sources */,
				037C36082A122D2500FAC78B /* JobDetailViewController.swift in Sources */,
				037C35FE2A122BCB00FAC78B /* BaseViewController.swift in Sources */,
				037C35EB2A121EBD00FAC78B /* UICollectionView+.swift in Sources */,
				037C35F52A1226C100FAC78B /* Color.swift in Sources */,
				037C35E72A121E9800FAC78B /* UIStackView+.swift in Sources */,
				037C35EF2A121F5B00FAC78B /* UIImageView+.swift in Sources */,
				037C35E32A121E6200FAC78B /* UIView+.swift in Sources */,
				586BF3022A114204002AD443 /* UIFont+.swift in Sources */,
				037C35E92A121EAD00FAC78B /* UITableView+.swift in Sources */,
				037C36132A122DA100FAC78B /* ApplyViewController.swift in Sources */,
				586BF3002A113B08002AD443 /* UIImage+.swift in Sources */,
				037C35FC2A122A3600FAC78B /* BaseView.swift in Sources */,
			);
			runOnlyForDeploymentPostprocessing = 0;
		};
/* End PBXSourcesBuildPhase section */

/* Begin PBXVariantGroup section */
		D3D03F802A10D9BA005AEE77 /* LaunchScreen.storyboard */ = {
			isa = PBXVariantGroup;
			children = (
				D3D03F812A10D9BA005AEE77 /* Base */,
			);
			name = LaunchScreen.storyboard;
			sourceTree = "<group>";
		};
/* End PBXVariantGroup section */

/* Begin XCBuildConfiguration section */
		D3D03F842A10D9BA005AEE77 /* Debug */ = {
			isa = XCBuildConfiguration;
			buildSettings = {
				ALWAYS_SEARCH_USER_PATHS = NO;
				CLANG_ANALYZER_NONNULL = YES;
				CLANG_ANALYZER_NUMBER_OBJECT_CONVERSION = YES_AGGRESSIVE;
				CLANG_CXX_LANGUAGE_STANDARD = "gnu++20";
				CLANG_ENABLE_MODULES = YES;
				CLANG_ENABLE_OBJC_ARC = YES;
				CLANG_ENABLE_OBJC_WEAK = YES;
				CLANG_WARN_BLOCK_CAPTURE_AUTORELEASING = YES;
				CLANG_WARN_BOOL_CONVERSION = YES;
				CLANG_WARN_COMMA = YES;
				CLANG_WARN_CONSTANT_CONVERSION = YES;
				CLANG_WARN_DEPRECATED_OBJC_IMPLEMENTATIONS = YES;
				CLANG_WARN_DIRECT_OBJC_ISA_USAGE = YES_ERROR;
				CLANG_WARN_DOCUMENTATION_COMMENTS = YES;
				CLANG_WARN_EMPTY_BODY = YES;
				CLANG_WARN_ENUM_CONVERSION = YES;
				CLANG_WARN_INFINITE_RECURSION = YES;
				CLANG_WARN_INT_CONVERSION = YES;
				CLANG_WARN_NON_LITERAL_NULL_CONVERSION = YES;
				CLANG_WARN_OBJC_IMPLICIT_RETAIN_SELF = YES;
				CLANG_WARN_OBJC_LITERAL_CONVERSION = YES;
				CLANG_WARN_OBJC_ROOT_CLASS = YES_ERROR;
				CLANG_WARN_QUOTED_INCLUDE_IN_FRAMEWORK_HEADER = YES;
				CLANG_WARN_RANGE_LOOP_ANALYSIS = YES;
				CLANG_WARN_STRICT_PROTOTYPES = YES;
				CLANG_WARN_SUSPICIOUS_MOVE = YES;
				CLANG_WARN_UNGUARDED_AVAILABILITY = YES_AGGRESSIVE;
				CLANG_WARN_UNREACHABLE_CODE = YES;
				CLANG_WARN__DUPLICATE_METHOD_MATCH = YES;
				COPY_PHASE_STRIP = NO;
				DEBUG_INFORMATION_FORMAT = dwarf;
				ENABLE_STRICT_OBJC_MSGSEND = YES;
				ENABLE_TESTABILITY = YES;
				GCC_C_LANGUAGE_STANDARD = gnu11;
				GCC_DYNAMIC_NO_PIC = NO;
				GCC_NO_COMMON_BLOCKS = YES;
				GCC_OPTIMIZATION_LEVEL = 0;
				GCC_PREPROCESSOR_DEFINITIONS = (
					"DEBUG=1",
					"$(inherited)",
				);
				GCC_WARN_64_TO_32_BIT_CONVERSION = YES;
				GCC_WARN_ABOUT_RETURN_TYPE = YES_ERROR;
				GCC_WARN_UNDECLARED_SELECTOR = YES;
				GCC_WARN_UNINITIALIZED_AUTOS = YES_AGGRESSIVE;
				GCC_WARN_UNUSED_FUNCTION = YES;
				GCC_WARN_UNUSED_VARIABLE = YES;
				IPHONEOS_DEPLOYMENT_TARGET = 16.4;
				MTL_ENABLE_DEBUG_INFO = INCLUDE_SOURCE;
				MTL_FAST_MATH = YES;
				ONLY_ACTIVE_ARCH = YES;
				SDKROOT = iphoneos;
				SWIFT_ACTIVE_COMPILATION_CONDITIONS = DEBUG;
				SWIFT_OPTIMIZATION_LEVEL = "-Onone";
			};
			name = Debug;
		};
		D3D03F852A10D9BA005AEE77 /* Release */ = {
			isa = XCBuildConfiguration;
			buildSettings = {
				ALWAYS_SEARCH_USER_PATHS = NO;
				CLANG_ANALYZER_NONNULL = YES;
				CLANG_ANALYZER_NUMBER_OBJECT_CONVERSION = YES_AGGRESSIVE;
				CLANG_CXX_LANGUAGE_STANDARD = "gnu++20";
				CLANG_ENABLE_MODULES = YES;
				CLANG_ENABLE_OBJC_ARC = YES;
				CLANG_ENABLE_OBJC_WEAK = YES;
				CLANG_WARN_BLOCK_CAPTURE_AUTORELEASING = YES;
				CLANG_WARN_BOOL_CONVERSION = YES;
				CLANG_WARN_COMMA = YES;
				CLANG_WARN_CONSTANT_CONVERSION = YES;
				CLANG_WARN_DEPRECATED_OBJC_IMPLEMENTATIONS = YES;
				CLANG_WARN_DIRECT_OBJC_ISA_USAGE = YES_ERROR;
				CLANG_WARN_DOCUMENTATION_COMMENTS = YES;
				CLANG_WARN_EMPTY_BODY = YES;
				CLANG_WARN_ENUM_CONVERSION = YES;
				CLANG_WARN_INFINITE_RECURSION = YES;
				CLANG_WARN_INT_CONVERSION = YES;
				CLANG_WARN_NON_LITERAL_NULL_CONVERSION = YES;
				CLANG_WARN_OBJC_IMPLICIT_RETAIN_SELF = YES;
				CLANG_WARN_OBJC_LITERAL_CONVERSION = YES;
				CLANG_WARN_OBJC_ROOT_CLASS = YES_ERROR;
				CLANG_WARN_QUOTED_INCLUDE_IN_FRAMEWORK_HEADER = YES;
				CLANG_WARN_RANGE_LOOP_ANALYSIS = YES;
				CLANG_WARN_STRICT_PROTOTYPES = YES;
				CLANG_WARN_SUSPICIOUS_MOVE = YES;
				CLANG_WARN_UNGUARDED_AVAILABILITY = YES_AGGRESSIVE;
				CLANG_WARN_UNREACHABLE_CODE = YES;
				CLANG_WARN__DUPLICATE_METHOD_MATCH = YES;
				COPY_PHASE_STRIP = NO;
				DEBUG_INFORMATION_FORMAT = "dwarf-with-dsym";
				ENABLE_NS_ASSERTIONS = NO;
				ENABLE_STRICT_OBJC_MSGSEND = YES;
				GCC_C_LANGUAGE_STANDARD = gnu11;
				GCC_NO_COMMON_BLOCKS = YES;
				GCC_WARN_64_TO_32_BIT_CONVERSION = YES;
				GCC_WARN_ABOUT_RETURN_TYPE = YES_ERROR;
				GCC_WARN_UNDECLARED_SELECTOR = YES;
				GCC_WARN_UNINITIALIZED_AUTOS = YES_AGGRESSIVE;
				GCC_WARN_UNUSED_FUNCTION = YES;
				GCC_WARN_UNUSED_VARIABLE = YES;
				IPHONEOS_DEPLOYMENT_TARGET = 16.4;
				MTL_ENABLE_DEBUG_INFO = NO;
				MTL_FAST_MATH = YES;
				SDKROOT = iphoneos;
				SWIFT_COMPILATION_MODE = wholemodule;
				SWIFT_OPTIMIZATION_LEVEL = "-O";
				VALIDATE_PRODUCT = YES;
			};
			name = Release;
		};
		D3D03F872A10D9BA005AEE77 /* Debug */ = {
			isa = XCBuildConfiguration;
			buildSettings = {
				ASSETCATALOG_COMPILER_APPICON_NAME = AppIcon;
				ASSETCATALOG_COMPILER_GLOBAL_ACCENT_COLOR_NAME = AccentColor;
				CODE_SIGN_STYLE = Automatic;
				CURRENT_PROJECT_VERSION = 1;
				GENERATE_INFOPLIST_FILE = YES;
				INFOPLIST_FILE = CDS_CarrotJob/Resource/Info.plist;
				INFOPLIST_KEY_UIApplicationSupportsIndirectInputEvents = YES;
				INFOPLIST_KEY_UILaunchStoryboardName = LaunchScreen;
				INFOPLIST_KEY_UISupportedInterfaceOrientations_iPad = "UIInterfaceOrientationPortrait UIInterfaceOrientationPortraitUpsideDown UIInterfaceOrientationLandscapeLeft UIInterfaceOrientationLandscapeRight";
				INFOPLIST_KEY_UISupportedInterfaceOrientations_iPhone = "UIInterfaceOrientationPortrait UIInterfaceOrientationLandscapeLeft UIInterfaceOrientationLandscapeRight";
				LD_RUNPATH_SEARCH_PATHS = (
					"$(inherited)",
					"@executable_path/Frameworks",
				);
				MARKETING_VERSION = 1.0;
				PRODUCT_BUNDLE_IDENTIFIER = "com.yourcompany.CDS-CarrotJob";
				PRODUCT_NAME = "$(TARGET_NAME)";
				SWIFT_EMIT_LOC_STRINGS = YES;
				SWIFT_VERSION = 5.0;
				TARGETED_DEVICE_FAMILY = "1,2";
			};
			name = Debug;
		};
		D3D03F882A10D9BA005AEE77 /* Release */ = {
			isa = XCBuildConfiguration;
			buildSettings = {
				ASSETCATALOG_COMPILER_APPICON_NAME = AppIcon;
				ASSETCATALOG_COMPILER_GLOBAL_ACCENT_COLOR_NAME = AccentColor;
				CODE_SIGN_STYLE = Automatic;
				CURRENT_PROJECT_VERSION = 1;
				GENERATE_INFOPLIST_FILE = YES;
				INFOPLIST_FILE = CDS_CarrotJob/Resource/Info.plist;
				INFOPLIST_KEY_UIApplicationSupportsIndirectInputEvents = YES;
				INFOPLIST_KEY_UILaunchStoryboardName = LaunchScreen;
				INFOPLIST_KEY_UISupportedInterfaceOrientations_iPad = "UIInterfaceOrientationPortrait UIInterfaceOrientationPortraitUpsideDown UIInterfaceOrientationLandscapeLeft UIInterfaceOrientationLandscapeRight";
				INFOPLIST_KEY_UISupportedInterfaceOrientations_iPhone = "UIInterfaceOrientationPortrait UIInterfaceOrientationLandscapeLeft UIInterfaceOrientationLandscapeRight";
				LD_RUNPATH_SEARCH_PATHS = (
					"$(inherited)",
					"@executable_path/Frameworks",
				);
				MARKETING_VERSION = 1.0;
				PRODUCT_BUNDLE_IDENTIFIER = "com.yourcompany.CDS-CarrotJob";
				PRODUCT_NAME = "$(TARGET_NAME)";
				SWIFT_EMIT_LOC_STRINGS = YES;
				SWIFT_VERSION = 5.0;
				TARGETED_DEVICE_FAMILY = "1,2";
			};
			name = Release;
		};
/* End XCBuildConfiguration section */

/* Begin XCConfigurationList section */
		D3D03F6D2A10D9B9005AEE77 /* Build configuration list for PBXProject "CDS_CarrotJob" */ = {
			isa = XCConfigurationList;
			buildConfigurations = (
				D3D03F842A10D9BA005AEE77 /* Debug */,
				D3D03F852A10D9BA005AEE77 /* Release */,
			);
			defaultConfigurationIsVisible = 0;
			defaultConfigurationName = Release;
		};
		D3D03F862A10D9BA005AEE77 /* Build configuration list for PBXNativeTarget "CDS_CarrotJob" */ = {
			isa = XCConfigurationList;
			buildConfigurations = (
				D3D03F872A10D9BA005AEE77 /* Debug */,
				D3D03F882A10D9BA005AEE77 /* Release */,
			);
			defaultConfigurationIsVisible = 0;
			defaultConfigurationName = Release;
		};
/* End XCConfigurationList section */

/* Begin XCRemoteSwiftPackageReference section */
		D3D03F892A10D9E3005AEE77 /* XCRemoteSwiftPackageReference "SnapKit" */ = {
			isa = XCRemoteSwiftPackageReference;
			repositoryURL = "https://github.com/SnapKit/SnapKit";
			requirement = {
				kind = upToNextMajorVersion;
				minimumVersion = 5.0.0;
			};
		};
		D3D03F8C2A10D9EF005AEE77 /* XCRemoteSwiftPackageReference "Then" */ = {
			isa = XCRemoteSwiftPackageReference;
			repositoryURL = "https://github.com/devxoul/Then";
			requirement = {
				kind = upToNextMajorVersion;
				minimumVersion = 3.0.0;
			};
		};
		D3D03F8F2A10D9F9005AEE77 /* XCRemoteSwiftPackageReference "Alamofire" */ = {
			isa = XCRemoteSwiftPackageReference;
			repositoryURL = "https://github.com/Alamofire/Alamofire";
			requirement = {
				kind = upToNextMajorVersion;
				minimumVersion = 5.0.0;
			};
		};
		D3D03F922A10DB6B005AEE77 /* XCRemoteSwiftPackageReference "Kingfisher" */ = {
			isa = XCRemoteSwiftPackageReference;
			repositoryURL = "https://github.com/onevcat/Kingfisher";
			requirement = {
				kind = upToNextMajorVersion;
				minimumVersion = 7.0.0;
			};
		};
/* End XCRemoteSwiftPackageReference section */

/* Begin XCSwiftPackageProductDependency section */
		D3D03F8A2A10D9E3005AEE77 /* SnapKit */ = {
			isa = XCSwiftPackageProductDependency;
			package = D3D03F892A10D9E3005AEE77 /* XCRemoteSwiftPackageReference "SnapKit" */;
			productName = SnapKit;
		};
		D3D03F8D2A10D9EF005AEE77 /* Then */ = {
			isa = XCSwiftPackageProductDependency;
			package = D3D03F8C2A10D9EF005AEE77 /* XCRemoteSwiftPackageReference "Then" */;
			productName = Then;
		};
		D3D03F902A10D9F9005AEE77 /* Alamofire */ = {
			isa = XCSwiftPackageProductDependency;
			package = D3D03F8F2A10D9F9005AEE77 /* XCRemoteSwiftPackageReference "Alamofire" */;
			productName = Alamofire;
		};
		D3D03F932A10DB6B005AEE77 /* Kingfisher */ = {
			isa = XCSwiftPackageProductDependency;
			package = D3D03F922A10DB6B005AEE77 /* XCRemoteSwiftPackageReference "Kingfisher" */;
			productName = Kingfisher;
		};
/* End XCSwiftPackageProductDependency section */
	};
	rootObject = D3D03F6A2A10D9B9005AEE77 /* Project object */;
}
